// !$*UTF8*$!
{
	archiveVersion = 1;
	classes = {
	};
	objectVersion = 46;
	objects = {

/* Begin PBXBuildFile section */
		7B341B7C1C5086AA0020AC67 /* AppDelegate.swift in Sources */ = {isa = PBXBuildFile; fileRef = 7B341B7B1C5086AA0020AC67 /* AppDelegate.swift */; };
		7B341B7E1C5086AA0020AC67 /* ViewController.swift in Sources */ = {isa = PBXBuildFile; fileRef = 7B341B7D1C5086AA0020AC67 /* ViewController.swift */; };
		7B341B811C5086AA0020AC67 /* Main.storyboard in Resources */ = {isa = PBXBuildFile; fileRef = 7B341B7F1C5086AA0020AC67 /* Main.storyboard */; };
		7B341B841C5086AA0020AC67 /* GarageSale.xcdatamodeld in Sources */ = {isa = PBXBuildFile; fileRef = 7B341B821C5086AA0020AC67 /* GarageSale.xcdatamodeld */; };
		7B341B861C5086AA0020AC67 /* Assets.xcassets in Resources */ = {isa = PBXBuildFile; fileRef = 7B341B851C5086AA0020AC67 /* Assets.xcassets */; };
		7B341B891C5086AA0020AC67 /* LaunchScreen.storyboard in Resources */ = {isa = PBXBuildFile; fileRef = 7B341B871C5086AA0020AC67 /* LaunchScreen.storyboard */; };
		7B341B941C5086AB0020AC67 /* GarageSaleTests.swift in Sources */ = {isa = PBXBuildFile; fileRef = 7B341B931C5086AB0020AC67 /* GarageSaleTests.swift */; };
		7B341B9F1C5086AB0020AC67 /* GarageSaleUITests.swift in Sources */ = {isa = PBXBuildFile; fileRef = 7B341B9E1C5086AB0020AC67 /* GarageSaleUITests.swift */; };
		7B341BB21C5086CC0020AC67 /* Bolts.framework in Frameworks */ = {isa = PBXBuildFile; fileRef = 7B341BAC1C5086CC0020AC67 /* Bolts.framework */; };
		7B341BB31C5086CC0020AC67 /* Parse.framework in Frameworks */ = {isa = PBXBuildFile; fileRef = 7B341BAD1C5086CC0020AC67 /* Parse.framework */; };
		7B341BB41C5086CC0020AC67 /* ParseFacebookUtils.framework in Frameworks */ = {isa = PBXBuildFile; fileRef = 7B341BAE1C5086CC0020AC67 /* ParseFacebookUtils.framework */; };
		7B341BB51C5086CC0020AC67 /* ParseFacebookUtilsV4.framework in Frameworks */ = {isa = PBXBuildFile; fileRef = 7B341BAF1C5086CC0020AC67 /* ParseFacebookUtilsV4.framework */; };
		7B341BB61C5086CC0020AC67 /* ParseTwitterUtils.framework in Frameworks */ = {isa = PBXBuildFile; fileRef = 7B341BB01C5086CC0020AC67 /* ParseTwitterUtils.framework */; };
		7B341BB71C5086CC0020AC67 /* ParseUI.framework in Frameworks */ = {isa = PBXBuildFile; fileRef = 7B341BB11C5086CC0020AC67 /* ParseUI.framework */; };
		7B341BBA1C5087230020AC67 /* AudioToolbox.framework in Frameworks */ = {isa = PBXBuildFile; fileRef = 7B341BB91C5087230020AC67 /* AudioToolbox.framework */; };
		7B341BBC1C50872E0020AC67 /* CFNetwork.framework in Frameworks */ = {isa = PBXBuildFile; fileRef = 7B341BBB1C50872E0020AC67 /* CFNetwork.framework */; };
		7B341BBE1C50873D0020AC67 /* CoreGraphics.framework in Frameworks */ = {isa = PBXBuildFile; fileRef = 7B341BBD1C50873D0020AC67 /* CoreGraphics.framework */; };
		7B341BC01C5087460020AC67 /* CoreLocation.framework in Frameworks */ = {isa = PBXBuildFile; fileRef = 7B341BBF1C5087460020AC67 /* CoreLocation.framework */; };
		7B341BC21C5087520020AC67 /* QuartzCore.framework in Frameworks */ = {isa = PBXBuildFile; fileRef = 7B341BC11C5087520020AC67 /* QuartzCore.framework */; };
		7B341BC41C50875D0020AC67 /* Security.framework in Frameworks */ = {isa = PBXBuildFile; fileRef = 7B341BC31C50875D0020AC67 /* Security.framework */; };
		7B341BC61C5087670020AC67 /* StoreKit.framework in Frameworks */ = {isa = PBXBuildFile; fileRef = 7B341BC51C5087670020AC67 /* StoreKit.framework */; };
		7B341BC81C5087760020AC67 /* SystemConfiguration.framework in Frameworks */ = {isa = PBXBuildFile; fileRef = 7B341BC71C5087760020AC67 /* SystemConfiguration.framework */; };
		7B341BCA1C50878A0020AC67 /* libz.tbd in Frameworks */ = {isa = PBXBuildFile; fileRef = 7B341BC91C50878A0020AC67 /* libz.tbd */; };
		7B341BCC1C5087970020AC67 /* libsqlite3.tbd in Frameworks */ = {isa = PBXBuildFile; fileRef = 7B341BCB1C5087970020AC67 /* libsqlite3.tbd */; };
		7B341BCE1C508BFF0020AC67 /* GarageSaleQueryTableViewController.swift in Sources */ = {isa = PBXBuildFile; fileRef = 7B341BCD1C508BFF0020AC67 /* GarageSaleQueryTableViewController.swift */; };
		7B341BD01C508E640020AC67 /* MapKit.framework in Frameworks */ = {isa = PBXBuildFile; fileRef = 7B341BCF1C508E640020AC67 /* MapKit.framework */; };
		7B341BD21C5096420020AC67 /* AddGarageSaleViewController.swift in Sources */ = {isa = PBXBuildFile; fileRef = 7B341BD11C5096420020AC67 /* AddGarageSaleViewController.swift */; };
		7B341BD41C50A22F0020AC67 /* LoginViewController.swift in Sources */ = {isa = PBXBuildFile; fileRef = 7B341BD31C50A22F0020AC67 /* LoginViewController.swift */; };
		7B341BD61C517B330020AC67 /* EZLoadingActivity.swift in Sources */ = {isa = PBXBuildFile; fileRef = 7B341BD51C517B330020AC67 /* EZLoadingActivity.swift */; };
		7B341BD81C5185040020AC67 /* ProfileViewController.swift in Sources */ = {isa = PBXBuildFile; fileRef = 7B341BD71C5185040020AC67 /* ProfileViewController.swift */; };
		7B55AC4C1C6E456100509E85 /* AkiraTextField.swift in Sources */ = {isa = PBXBuildFile; fileRef = 7B55AC401C6E456100509E85 /* AkiraTextField.swift */; };
		7B55AC4D1C6E456100509E85 /* HoshiTextField.swift in Sources */ = {isa = PBXBuildFile; fileRef = 7B55AC411C6E456100509E85 /* HoshiTextField.swift */; };
		7B55AC4E1C6E456100509E85 /* Info.plist in Resources */ = {isa = PBXBuildFile; fileRef = 7B55AC421C6E456100509E85 /* Info.plist */; };
		7B55AC4F1C6E456100509E85 /* IsaoTextField.swift in Sources */ = {isa = PBXBuildFile; fileRef = 7B55AC431C6E456100509E85 /* IsaoTextField.swift */; };
		7B55AC501C6E456100509E85 /* JiroTextField.swift in Sources */ = {isa = PBXBuildFile; fileRef = 7B55AC441C6E456100509E85 /* JiroTextField.swift */; };
		7B55AC511C6E456100509E85 /* KaedeTextField.swift in Sources */ = {isa = PBXBuildFile; fileRef = 7B55AC451C6E456100509E85 /* KaedeTextField.swift */; };
		7B55AC521C6E456100509E85 /* MadokaTextField.swift in Sources */ = {isa = PBXBuildFile; fileRef = 7B55AC461C6E456100509E85 /* MadokaTextField.swift */; };
		7B55AC531C6E456100509E85 /* MinoruTextField.swift in Sources */ = {isa = PBXBuildFile; fileRef = 7B55AC471C6E456100509E85 /* MinoruTextField.swift */; };
		7B55AC541C6E456100509E85 /* TextFieldsEffects.swift in Sources */ = {isa = PBXBuildFile; fileRef = 7B55AC491C6E456100509E85 /* TextFieldsEffects.swift */; };
		7B55AC551C6E456100509E85 /* YokoTextField.swift in Sources */ = {isa = PBXBuildFile; fileRef = 7B55AC4A1C6E456100509E85 /* YokoTextField.swift */; };
		7B55AC561C6E456100509E85 /* YoshikoTextField.swift in Sources */ = {isa = PBXBuildFile; fileRef = 7B55AC4B1C6E456100509E85 /* YoshikoTextField.swift */; };
		7B55AC581C6E469A00509E85 /* CustomButton.swift in Sources */ = {isa = PBXBuildFile; fileRef = 7B55AC571C6E469A00509E85 /* CustomButton.swift */; };
		7B74E9B31C51D6B000E91BFA /* GarageSaleDetailViewController.swift in Sources */ = {isa = PBXBuildFile; fileRef = 7B74E9B21C51D6B000E91BFA /* GarageSaleDetailViewController.swift */; };
		7B74E9B51C51F95800E91BFA /* GarageSaleMarker.swift in Sources */ = {isa = PBXBuildFile; fileRef = 7B74E9B41C51F95800E91BFA /* GarageSaleMarker.swift */; };
		7B74E9B71C52876B00E91BFA /* Constants.swift in Sources */ = {isa = PBXBuildFile; fileRef = 7B74E9B61C52876B00E91BFA /* Constants.swift */; };
		7B74E9FD1C534F7200E91BFA /* Protocols.swift in Sources */ = {isa = PBXBuildFile; fileRef = 7B74E9FC1C534F7200E91BFA /* Protocols.swift */; };
		7B74E9FF1C535C7500E91BFA /* SignupViewController.swift in Sources */ = {isa = PBXBuildFile; fileRef = 7B74E9FE1C535C7500E91BFA /* SignupViewController.swift */; };
		7B74EA011C53E7AF00E91BFA /* UserProfile.swift in Sources */ = {isa = PBXBuildFile; fileRef = 7B74EA001C53E7AF00E91BFA /* UserProfile.swift */; };
		7BBC8A631C6FA8C300EC8BDB /* CustomImageView.swift in Sources */ = {isa = PBXBuildFile; fileRef = 7BBC8A621C6FA8C300EC8BDB /* CustomImageView.swift */; };
		7BBC8A6D1C6FB9CC00EC8BDB /* GarageSaleMapMarker.swift in Sources */ = {isa = PBXBuildFile; fileRef = 7BBC8A6C1C6FB9CC00EC8BDB /* GarageSaleMapMarker.swift */; };
		7BBC8A701C6FEEF000EC8BDB /* Map-Marker.png in Resources */ = {isa = PBXBuildFile; fileRef = 7BBC8A6E1C6FEEF000EC8BDB /* Map-Marker.png */; };
		7BBC8A711C6FEEF000EC8BDB /* Map-Marker@2x.png in Resources */ = {isa = PBXBuildFile; fileRef = 7BBC8A6F1C6FEEF000EC8BDB /* Map-Marker@2x.png */; };
/* End PBXBuildFile section */

/* Begin PBXContainerItemProxy section */
		7B341B901C5086AB0020AC67 /* PBXContainerItemProxy */ = {
			isa = PBXContainerItemProxy;
			containerPortal = 7B341B701C5086AA0020AC67 /* Project object */;
			proxyType = 1;
			remoteGlobalIDString = 7B341B771C5086AA0020AC67;
			remoteInfo = GarageSale;
		};
		7B341B9B1C5086AB0020AC67 /* PBXContainerItemProxy */ = {
			isa = PBXContainerItemProxy;
			containerPortal = 7B341B701C5086AA0020AC67 /* Project object */;
			proxyType = 1;
			remoteGlobalIDString = 7B341B771C5086AA0020AC67;
			remoteInfo = GarageSale;
		};
/* End PBXContainerItemProxy section */

/* Begin PBXFileReference section */
		7B341B781C5086AA0020AC67 /* GarageSale.app */ = {isa = PBXFileReference; explicitFileType = wrapper.application; includeInIndex = 0; path = GarageSale.app; sourceTree = BUILT_PRODUCTS_DIR; };
		7B341B7B1C5086AA0020AC67 /* AppDelegate.swift */ = {isa = PBXFileReference; lastKnownFileType = sourcecode.swift; path = AppDelegate.swift; sourceTree = "<group>"; };
		7B341B7D1C5086AA0020AC67 /* ViewController.swift */ = {isa = PBXFileReference; lastKnownFileType = sourcecode.swift; path = ViewController.swift; sourceTree = "<group>"; };
		7B341B801C5086AA0020AC67 /* Base */ = {isa = PBXFileReference; lastKnownFileType = file.storyboard; name = Base; path = Base.lproj/Main.storyboard; sourceTree = "<group>"; };
		7B341B831C5086AA0020AC67 /* GarageSale.xcdatamodel */ = {isa = PBXFileReference; lastKnownFileType = wrapper.xcdatamodel; path = GarageSale.xcdatamodel; sourceTree = "<group>"; };
		7B341B851C5086AA0020AC67 /* Assets.xcassets */ = {isa = PBXFileReference; lastKnownFileType = folder.assetcatalog; path = Assets.xcassets; sourceTree = "<group>"; };
		7B341B881C5086AA0020AC67 /* Base */ = {isa = PBXFileReference; lastKnownFileType = file.storyboard; name = Base; path = Base.lproj/LaunchScreen.storyboard; sourceTree = "<group>"; };
		7B341B8A1C5086AA0020AC67 /* Info.plist */ = {isa = PBXFileReference; lastKnownFileType = text.plist.xml; path = Info.plist; sourceTree = "<group>"; };
		7B341B8F1C5086AB0020AC67 /* GarageSaleTests.xctest */ = {isa = PBXFileReference; explicitFileType = wrapper.cfbundle; includeInIndex = 0; path = GarageSaleTests.xctest; sourceTree = BUILT_PRODUCTS_DIR; };
		7B341B931C5086AB0020AC67 /* GarageSaleTests.swift */ = {isa = PBXFileReference; lastKnownFileType = sourcecode.swift; path = GarageSaleTests.swift; sourceTree = "<group>"; };
		7B341B951C5086AB0020AC67 /* Info.plist */ = {isa = PBXFileReference; lastKnownFileType = text.plist.xml; path = Info.plist; sourceTree = "<group>"; };
		7B341B9A1C5086AB0020AC67 /* GarageSaleUITests.xctest */ = {isa = PBXFileReference; explicitFileType = wrapper.cfbundle; includeInIndex = 0; path = GarageSaleUITests.xctest; sourceTree = BUILT_PRODUCTS_DIR; };
		7B341B9E1C5086AB0020AC67 /* GarageSaleUITests.swift */ = {isa = PBXFileReference; lastKnownFileType = sourcecode.swift; path = GarageSaleUITests.swift; sourceTree = "<group>"; };
		7B341BA01C5086AB0020AC67 /* Info.plist */ = {isa = PBXFileReference; lastKnownFileType = text.plist.xml; path = Info.plist; sourceTree = "<group>"; };
		7B341BAC1C5086CC0020AC67 /* Bolts.framework */ = {isa = PBXFileReference; lastKnownFileType = wrapper.framework; path = Bolts.framework; sourceTree = "<group>"; };
		7B341BAD1C5086CC0020AC67 /* Parse.framework */ = {isa = PBXFileReference; lastKnownFileType = wrapper.framework; path = Parse.framework; sourceTree = "<group>"; };
		7B341BAE1C5086CC0020AC67 /* ParseFacebookUtils.framework */ = {isa = PBXFileReference; lastKnownFileType = wrapper.framework; path = ParseFacebookUtils.framework; sourceTree = "<group>"; };
		7B341BAF1C5086CC0020AC67 /* ParseFacebookUtilsV4.framework */ = {isa = PBXFileReference; lastKnownFileType = wrapper.framework; path = ParseFacebookUtilsV4.framework; sourceTree = "<group>"; };
		7B341BB01C5086CC0020AC67 /* ParseTwitterUtils.framework */ = {isa = PBXFileReference; lastKnownFileType = wrapper.framework; path = ParseTwitterUtils.framework; sourceTree = "<group>"; };
		7B341BB11C5086CC0020AC67 /* ParseUI.framework */ = {isa = PBXFileReference; lastKnownFileType = wrapper.framework; path = ParseUI.framework; sourceTree = "<group>"; };
		7B341BB91C5087230020AC67 /* AudioToolbox.framework */ = {isa = PBXFileReference; lastKnownFileType = wrapper.framework; name = AudioToolbox.framework; path = System/Library/Frameworks/AudioToolbox.framework; sourceTree = SDKROOT; };
		7B341BBB1C50872E0020AC67 /* CFNetwork.framework */ = {isa = PBXFileReference; lastKnownFileType = wrapper.framework; name = CFNetwork.framework; path = System/Library/Frameworks/CFNetwork.framework; sourceTree = SDKROOT; };
		7B341BBD1C50873D0020AC67 /* CoreGraphics.framework */ = {isa = PBXFileReference; lastKnownFileType = wrapper.framework; name = CoreGraphics.framework; path = System/Library/Frameworks/CoreGraphics.framework; sourceTree = SDKROOT; };
		7B341BBF1C5087460020AC67 /* CoreLocation.framework */ = {isa = PBXFileReference; lastKnownFileType = wrapper.framework; name = CoreLocation.framework; path = System/Library/Frameworks/CoreLocation.framework; sourceTree = SDKROOT; };
		7B341BC11C5087520020AC67 /* QuartzCore.framework */ = {isa = PBXFileReference; lastKnownFileType = wrapper.framework; name = QuartzCore.framework; path = System/Library/Frameworks/QuartzCore.framework; sourceTree = SDKROOT; };
		7B341BC31C50875D0020AC67 /* Security.framework */ = {isa = PBXFileReference; lastKnownFileType = wrapper.framework; name = Security.framework; path = System/Library/Frameworks/Security.framework; sourceTree = SDKROOT; };
		7B341BC51C5087670020AC67 /* StoreKit.framework */ = {isa = PBXFileReference; lastKnownFileType = wrapper.framework; name = StoreKit.framework; path = System/Library/Frameworks/StoreKit.framework; sourceTree = SDKROOT; };
		7B341BC71C5087760020AC67 /* SystemConfiguration.framework */ = {isa = PBXFileReference; lastKnownFileType = wrapper.framework; name = SystemConfiguration.framework; path = System/Library/Frameworks/SystemConfiguration.framework; sourceTree = SDKROOT; };
		7B341BC91C50878A0020AC67 /* libz.tbd */ = {isa = PBXFileReference; lastKnownFileType = "sourcecode.text-based-dylib-definition"; name = libz.tbd; path = usr/lib/libz.tbd; sourceTree = SDKROOT; };
		7B341BCB1C5087970020AC67 /* libsqlite3.tbd */ = {isa = PBXFileReference; lastKnownFileType = "sourcecode.text-based-dylib-definition"; name = libsqlite3.tbd; path = usr/lib/libsqlite3.tbd; sourceTree = SDKROOT; };
		7B341BCD1C508BFF0020AC67 /* GarageSaleQueryTableViewController.swift */ = {isa = PBXFileReference; fileEncoding = 4; lastKnownFileType = sourcecode.swift; path = GarageSaleQueryTableViewController.swift; sourceTree = "<group>"; };
		7B341BCF1C508E640020AC67 /* MapKit.framework */ = {isa = PBXFileReference; lastKnownFileType = wrapper.framework; name = MapKit.framework; path = System/Library/Frameworks/MapKit.framework; sourceTree = SDKROOT; };
		7B341BD11C5096420020AC67 /* AddGarageSaleViewController.swift */ = {isa = PBXFileReference; fileEncoding = 4; lastKnownFileType = sourcecode.swift; path = AddGarageSaleViewController.swift; sourceTree = "<group>"; };
		7B341BD31C50A22F0020AC67 /* LoginViewController.swift */ = {isa = PBXFileReference; fileEncoding = 4; lastKnownFileType = sourcecode.swift; path = LoginViewController.swift; sourceTree = "<group>"; };
		7B341BD51C517B330020AC67 /* EZLoadingActivity.swift */ = {isa = PBXFileReference; fileEncoding = 4; lastKnownFileType = sourcecode.swift; path = EZLoadingActivity.swift; sourceTree = "<group>"; };
		7B341BD71C5185040020AC67 /* ProfileViewController.swift */ = {isa = PBXFileReference; fileEncoding = 4; lastKnownFileType = sourcecode.swift; path = ProfileViewController.swift; sourceTree = "<group>"; };
		7B55AC401C6E456100509E85 /* AkiraTextField.swift */ = {isa = PBXFileReference; fileEncoding = 4; lastKnownFileType = sourcecode.swift; path = AkiraTextField.swift; sourceTree = "<group>"; };
		7B55AC411C6E456100509E85 /* HoshiTextField.swift */ = {isa = PBXFileReference; fileEncoding = 4; lastKnownFileType = sourcecode.swift; path = HoshiTextField.swift; sourceTree = "<group>"; };
		7B55AC421C6E456100509E85 /* Info.plist */ = {isa = PBXFileReference; fileEncoding = 4; lastKnownFileType = text.plist.xml; path = Info.plist; sourceTree = "<group>"; };
		7B55AC431C6E456100509E85 /* IsaoTextField.swift */ = {isa = PBXFileReference; fileEncoding = 4; lastKnownFileType = sourcecode.swift; path = IsaoTextField.swift; sourceTree = "<group>"; };
		7B55AC441C6E456100509E85 /* JiroTextField.swift */ = {isa = PBXFileReference; fileEncoding = 4; lastKnownFileType = sourcecode.swift; path = JiroTextField.swift; sourceTree = "<group>"; };
		7B55AC451C6E456100509E85 /* KaedeTextField.swift */ = {isa = PBXFileReference; fileEncoding = 4; lastKnownFileType = sourcecode.swift; path = KaedeTextField.swift; sourceTree = "<group>"; };
		7B55AC461C6E456100509E85 /* MadokaTextField.swift */ = {isa = PBXFileReference; fileEncoding = 4; lastKnownFileType = sourcecode.swift; path = MadokaTextField.swift; sourceTree = "<group>"; };
		7B55AC471C6E456100509E85 /* MinoruTextField.swift */ = {isa = PBXFileReference; fileEncoding = 4; lastKnownFileType = sourcecode.swift; path = MinoruTextField.swift; sourceTree = "<group>"; };
		7B55AC481C6E456100509E85 /* TextFieldEffects.h */ = {isa = PBXFileReference; fileEncoding = 4; lastKnownFileType = sourcecode.c.h; path = TextFieldEffects.h; sourceTree = "<group>"; };
		7B55AC491C6E456100509E85 /* TextFieldsEffects.swift */ = {isa = PBXFileReference; fileEncoding = 4; lastKnownFileType = sourcecode.swift; path = TextFieldsEffects.swift; sourceTree = "<group>"; };
		7B55AC4A1C6E456100509E85 /* YokoTextField.swift */ = {isa = PBXFileReference; fileEncoding = 4; lastKnownFileType = sourcecode.swift; path = YokoTextField.swift; sourceTree = "<group>"; };
		7B55AC4B1C6E456100509E85 /* YoshikoTextField.swift */ = {isa = PBXFileReference; fileEncoding = 4; lastKnownFileType = sourcecode.swift; path = YoshikoTextField.swift; sourceTree = "<group>"; };
		7B55AC571C6E469A00509E85 /* CustomButton.swift */ = {isa = PBXFileReference; fileEncoding = 4; lastKnownFileType = sourcecode.swift; name = CustomButton.swift; path = ../CustomButton.swift; sourceTree = "<group>"; };
		7B74E9B21C51D6B000E91BFA /* GarageSaleDetailViewController.swift */ = {isa = PBXFileReference; fileEncoding = 4; lastKnownFileType = sourcecode.swift; path = GarageSaleDetailViewController.swift; sourceTree = "<group>"; };
		7B74E9B41C51F95800E91BFA /* GarageSaleMarker.swift */ = {isa = PBXFileReference; fileEncoding = 4; lastKnownFileType = sourcecode.swift; path = GarageSaleMarker.swift; sourceTree = "<group>"; };
		7B74E9B61C52876B00E91BFA /* Constants.swift */ = {isa = PBXFileReference; fileEncoding = 4; lastKnownFileType = sourcecode.swift; path = Constants.swift; sourceTree = "<group>"; };
		7B74E9FC1C534F7200E91BFA /* Protocols.swift */ = {isa = PBXFileReference; fileEncoding = 4; lastKnownFileType = sourcecode.swift; path = Protocols.swift; sourceTree = "<group>"; };
		7B74E9FE1C535C7500E91BFA /* SignupViewController.swift */ = {isa = PBXFileReference; fileEncoding = 4; lastKnownFileType = sourcecode.swift; path = SignupViewController.swift; sourceTree = "<group>"; };
		7B74EA001C53E7AF00E91BFA /* UserProfile.swift */ = {isa = PBXFileReference; fileEncoding = 4; lastKnownFileType = sourcecode.swift; path = UserProfile.swift; sourceTree = "<group>"; };
		7BBC8A621C6FA8C300EC8BDB /* CustomImageView.swift */ = {isa = PBXFileReference; fileEncoding = 4; lastKnownFileType = sourcecode.swift; path = CustomImageView.swift; sourceTree = "<group>"; };
		7BBC8A6C1C6FB9CC00EC8BDB /* GarageSaleMapMarker.swift */ = {isa = PBXFileReference; fileEncoding = 4; lastKnownFileType = sourcecode.swift; path = GarageSaleMapMarker.swift; sourceTree = "<group>"; };
		7BBC8A6E1C6FEEF000EC8BDB /* Map-Marker.png */ = {isa = PBXFileReference; lastKnownFileType = image.png; path = "Map-Marker.png"; sourceTree = "<group>"; };
		7BBC8A6F1C6FEEF000EC8BDB /* Map-Marker@2x.png */ = {isa = PBXFileReference; lastKnownFileType = image.png; path = "Map-Marker@2x.png"; sourceTree = "<group>"; };
/* End PBXFileReference section */

/* Begin PBXFrameworksBuildPhase section */
		7B341B751C5086AA0020AC67 /* Frameworks */ = {
			isa = PBXFrameworksBuildPhase;
			buildActionMask = 2147483647;
			files = (
				7B341BCC1C5087970020AC67 /* libsqlite3.tbd in Frameworks */,
				7B341BCA1C50878A0020AC67 /* libz.tbd in Frameworks */,
				7B341BC81C5087760020AC67 /* SystemConfiguration.framework in Frameworks */,
				7B341BC61C5087670020AC67 /* StoreKit.framework in Frameworks */,
				7B341BC41C50875D0020AC67 /* Security.framework in Frameworks */,
				7B341BC21C5087520020AC67 /* QuartzCore.framework in Frameworks */,
				7B341BC01C5087460020AC67 /* CoreLocation.framework in Frameworks */,
				7B341BBE1C50873D0020AC67 /* CoreGraphics.framework in Frameworks */,
				7B341BBC1C50872E0020AC67 /* CFNetwork.framework in Frameworks */,
				7B341BD01C508E640020AC67 /* MapKit.framework in Frameworks */,
				7B341BBA1C5087230020AC67 /* AudioToolbox.framework in Frameworks */,
				7B341BB71C5086CC0020AC67 /* ParseUI.framework in Frameworks */,
				7B341BB31C5086CC0020AC67 /* Parse.framework in Frameworks */,
				7B341BB21C5086CC0020AC67 /* Bolts.framework in Frameworks */,
				7B341BB51C5086CC0020AC67 /* ParseFacebookUtilsV4.framework in Frameworks */,
				7B341BB41C5086CC0020AC67 /* ParseFacebookUtils.framework in Frameworks */,
				7B341BB61C5086CC0020AC67 /* ParseTwitterUtils.framework in Frameworks */,
			);
			runOnlyForDeploymentPostprocessing = 0;
		};
		7B341B8C1C5086AB0020AC67 /* Frameworks */ = {
			isa = PBXFrameworksBuildPhase;
			buildActionMask = 2147483647;
			files = (
			);
			runOnlyForDeploymentPostprocessing = 0;
		};
		7B341B971C5086AB0020AC67 /* Frameworks */ = {
			isa = PBXFrameworksBuildPhase;
			buildActionMask = 2147483647;
			files = (
			);
			runOnlyForDeploymentPostprocessing = 0;
		};
/* End PBXFrameworksBuildPhase section */

/* Begin PBXGroup section */
		7B341B6F1C5086AA0020AC67 = {
			isa = PBXGroup;
			children = (
				7B341B7A1C5086AA0020AC67 /* GarageSale */,
				7B341B921C5086AB0020AC67 /* GarageSaleTests */,
				7B341B9D1C5086AB0020AC67 /* GarageSaleUITests */,
				7B341B791C5086AA0020AC67 /* Products */,
				7B341BB81C5086D60020AC67 /* Frameworks */,
			);
			sourceTree = "<group>";
		};
		7B341B791C5086AA0020AC67 /* Products */ = {
			isa = PBXGroup;
			children = (
				7B341B781C5086AA0020AC67 /* GarageSale.app */,
				7B341B8F1C5086AB0020AC67 /* GarageSaleTests.xctest */,
				7B341B9A1C5086AB0020AC67 /* GarageSaleUITests.xctest */,
			);
			name = Products;
			sourceTree = "<group>";
		};
		7B341B7A1C5086AA0020AC67 /* GarageSale */ = {
			isa = PBXGroup;
			children = (
				7B341B7B1C5086AA0020AC67 /* AppDelegate.swift */,
				7B341B7F1C5086AA0020AC67 /* Main.storyboard */,
				7B74E9B21C51D6B000E91BFA /* GarageSaleDetailViewController.swift */,
				7B74EA021C53ECA000E91BFA /* Profile */,
				7B74EA031C53ECB700E91BFA /* Map */,
				7B341BD11C5096420020AC67 /* AddGarageSaleViewController.swift */,
				7B341BCD1C508BFF0020AC67 /* GarageSaleQueryTableViewController.swift */,
				7B55AC571C6E469A00509E85 /* CustomButton.swift */,
				7BBC8A621C6FA8C300EC8BDB /* CustomImageView.swift */,
				7B55AC3F1C6E454900509E85 /* TextFieldEffects */,
				7B341BD31C50A22F0020AC67 /* LoginViewController.swift */,
				7B74E9FE1C535C7500E91BFA /* SignupViewController.swift */,
				7B74E9FC1C534F7200E91BFA /* Protocols.swift */,
				7B74E9B61C52876B00E91BFA /* Constants.swift */,
				7B341BD51C517B330020AC67 /* EZLoadingActivity.swift */,
				7B341B851C5086AA0020AC67 /* Assets.xcassets */,
				7B341B871C5086AA0020AC67 /* LaunchScreen.storyboard */,
				7B341B8A1C5086AA0020AC67 /* Info.plist */,
				7B341B821C5086AA0020AC67 /* GarageSale.xcdatamodeld */,
			);
			path = GarageSale;
			sourceTree = "<group>";
		};
		7B341B921C5086AB0020AC67 /* GarageSaleTests */ = {
			isa = PBXGroup;
			children = (
				7B341B931C5086AB0020AC67 /* GarageSaleTests.swift */,
				7B341B951C5086AB0020AC67 /* Info.plist */,
			);
			path = GarageSaleTests;
			sourceTree = "<group>";
		};
		7B341B9D1C5086AB0020AC67 /* GarageSaleUITests */ = {
			isa = PBXGroup;
			children = (
				7B341B9E1C5086AB0020AC67 /* GarageSaleUITests.swift */,
				7B341BA01C5086AB0020AC67 /* Info.plist */,
			);
			path = GarageSaleUITests;
			sourceTree = "<group>";
		};
		7B341BB81C5086D60020AC67 /* Frameworks */ = {
			isa = PBXGroup;
			children = (
				7B341BCF1C508E640020AC67 /* MapKit.framework */,
				7B341BCB1C5087970020AC67 /* libsqlite3.tbd */,
				7B341BC91C50878A0020AC67 /* libz.tbd */,
				7B341BC71C5087760020AC67 /* SystemConfiguration.framework */,
				7B341BC51C5087670020AC67 /* StoreKit.framework */,
				7B341BC31C50875D0020AC67 /* Security.framework */,
				7B341BC11C5087520020AC67 /* QuartzCore.framework */,
				7B341BBF1C5087460020AC67 /* CoreLocation.framework */,
				7B341BBD1C50873D0020AC67 /* CoreGraphics.framework */,
				7B341BBB1C50872E0020AC67 /* CFNetwork.framework */,
				7B341BB91C5087230020AC67 /* AudioToolbox.framework */,
				7B341BAC1C5086CC0020AC67 /* Bolts.framework */,
				7B341BAD1C5086CC0020AC67 /* Parse.framework */,
				7B341BAE1C5086CC0020AC67 /* ParseFacebookUtils.framework */,
				7B341BAF1C5086CC0020AC67 /* ParseFacebookUtilsV4.framework */,
				7B341BB01C5086CC0020AC67 /* ParseTwitterUtils.framework */,
				7B341BB11C5086CC0020AC67 /* ParseUI.framework */,
			);
			name = Frameworks;
			sourceTree = "<group>";
		};
		7B55AC3F1C6E454900509E85 /* TextFieldEffects */ = {
			isa = PBXGroup;
			children = (
				7B55AC401C6E456100509E85 /* AkiraTextField.swift */,
				7B55AC411C6E456100509E85 /* HoshiTextField.swift */,
				7B55AC421C6E456100509E85 /* Info.plist */,
				7B55AC431C6E456100509E85 /* IsaoTextField.swift */,
				7B55AC441C6E456100509E85 /* JiroTextField.swift */,
				7B55AC451C6E456100509E85 /* KaedeTextField.swift */,
				7B55AC461C6E456100509E85 /* MadokaTextField.swift */,
				7B55AC471C6E456100509E85 /* MinoruTextField.swift */,
				7B55AC481C6E456100509E85 /* TextFieldEffects.h */,
				7B55AC491C6E456100509E85 /* TextFieldsEffects.swift */,
				7B55AC4A1C6E456100509E85 /* YokoTextField.swift */,
				7B55AC4B1C6E456100509E85 /* YoshikoTextField.swift */,
			);
			name = TextFieldEffects;
			sourceTree = "<group>";
		};
		7B74EA021C53ECA000E91BFA /* Profile */ = {
			isa = PBXGroup;
			children = (
				7B341BD71C5185040020AC67 /* ProfileViewController.swift */,
				7B74EA001C53E7AF00E91BFA /* UserProfile.swift */,
			);
			name = Profile;
			sourceTree = "<group>";
		};
		7B74EA031C53ECB700E91BFA /* Map */ = {
			isa = PBXGroup;
			children = (
				7BBC8A6E1C6FEEF000EC8BDB /* Map-Marker.png */,
				7BBC8A6F1C6FEEF000EC8BDB /* Map-Marker@2x.png */,
				7B341B7D1C5086AA0020AC67 /* ViewController.swift */,
				7B74E9B41C51F95800E91BFA /* GarageSaleMarker.swift */,
				7BBC8A6C1C6FB9CC00EC8BDB /* GarageSaleMapMarker.swift */,
			);
			name = Map;
			sourceTree = "<group>";
		};
/* End PBXGroup section */

/* Begin PBXNativeTarget section */
		7B341B771C5086AA0020AC67 /* GarageSale */ = {
			isa = PBXNativeTarget;
			buildConfigurationList = 7B341BA31C5086AB0020AC67 /* Build configuration list for PBXNativeTarget "GarageSale" */;
			buildPhases = (
				7B341B741C5086AA0020AC67 /* Sources */,
				7B341B751C5086AA0020AC67 /* Frameworks */,
				7B341B761C5086AA0020AC67 /* Resources */,
			);
			buildRules = (
			);
			dependencies = (
			);
			name = GarageSale;
			productName = GarageSale;
			productReference = 7B341B781C5086AA0020AC67 /* GarageSale.app */;
			productType = "com.apple.product-type.application";
		};
		7B341B8E1C5086AB0020AC67 /* GarageSaleTests */ = {
			isa = PBXNativeTarget;
			buildConfigurationList = 7B341BA61C5086AB0020AC67 /* Build configuration list for PBXNativeTarget "GarageSaleTests" */;
			buildPhases = (
				7B341B8B1C5086AB0020AC67 /* Sources */,
				7B341B8C1C5086AB0020AC67 /* Frameworks */,
				7B341B8D1C5086AB0020AC67 /* Resources */,
			);
			buildRules = (
			);
			dependencies = (
				7B341B911C5086AB0020AC67 /* PBXTargetDependency */,
			);
			name = GarageSaleTests;
			productName = GarageSaleTests;
			productReference = 7B341B8F1C5086AB0020AC67 /* GarageSaleTests.xctest */;
			productType = "com.apple.product-type.bundle.unit-test";
		};
		7B341B991C5086AB0020AC67 /* GarageSaleUITests */ = {
			isa = PBXNativeTarget;
			buildConfigurationList = 7B341BA91C5086AB0020AC67 /* Build configuration list for PBXNativeTarget "GarageSaleUITests" */;
			buildPhases = (
				7B341B961C5086AB0020AC67 /* Sources */,
				7B341B971C5086AB0020AC67 /* Frameworks */,
				7B341B981C5086AB0020AC67 /* Resources */,
			);
			buildRules = (
			);
			dependencies = (
				7B341B9C1C5086AB0020AC67 /* PBXTargetDependency */,
			);
			name = GarageSaleUITests;
			productName = GarageSaleUITests;
			productReference = 7B341B9A1C5086AB0020AC67 /* GarageSaleUITests.xctest */;
			productType = "com.apple.product-type.bundle.ui-testing";
		};
/* End PBXNativeTarget section */

/* Begin PBXProject section */
		7B341B701C5086AA0020AC67 /* Project object */ = {
			isa = PBXProject;
			attributes = {
				LastSwiftUpdateCheck = 0720;
				LastUpgradeCheck = 0720;
				ORGANIZATIONNAME = "mitchell hudson";
				TargetAttributes = {
					7B341B771C5086AA0020AC67 = {
						CreatedOnToolsVersion = 7.2;
						DevelopmentTeam = 753UQ7TNXJ;
						SystemCapabilities = {
							com.apple.Maps.iOS = {
								enabled = 1;
							};
						};
					};
					7B341B8E1C5086AB0020AC67 = {
						CreatedOnToolsVersion = 7.2;
						TestTargetID = 7B341B771C5086AA0020AC67;
					};
					7B341B991C5086AB0020AC67 = {
						CreatedOnToolsVersion = 7.2;
						TestTargetID = 7B341B771C5086AA0020AC67;
					};
				};
			};
			buildConfigurationList = 7B341B731C5086AA0020AC67 /* Build configuration list for PBXProject "GarageSale" */;
			compatibilityVersion = "Xcode 3.2";
			developmentRegion = English;
			hasScannedForEncodings = 0;
			knownRegions = (
				en,
				Base,
			);
			mainGroup = 7B341B6F1C5086AA0020AC67;
			productRefGroup = 7B341B791C5086AA0020AC67 /* Products */;
			projectDirPath = "";
			projectRoot = "";
			targets = (
				7B341B771C5086AA0020AC67 /* GarageSale */,
				7B341B8E1C5086AB0020AC67 /* GarageSaleTests */,
				7B341B991C5086AB0020AC67 /* GarageSaleUITests */,
			);
		};
/* End PBXProject section */

/* Begin PBXResourcesBuildPhase section */
		7B341B761C5086AA0020AC67 /* Resources */ = {
			isa = PBXResourcesBuildPhase;
			buildActionMask = 2147483647;
			files = (
				7B341B891C5086AA0020AC67 /* LaunchScreen.storyboard in Resources */,
				7BBC8A711C6FEEF000EC8BDB /* Map-Marker@2x.png in Resources */,
				7B341B861C5086AA0020AC67 /* Assets.xcassets in Resources */,
				7B55AC4E1C6E456100509E85 /* Info.plist in Resources */,
				7BBC8A701C6FEEF000EC8BDB /* Map-Marker.png in Resources */,
				7B341B811C5086AA0020AC67 /* Main.storyboard in Resources */,
			);
			runOnlyForDeploymentPostprocessing = 0;
		};
		7B341B8D1C5086AB0020AC67 /* Resources */ = {
			isa = PBXResourcesBuildPhase;
			buildActionMask = 2147483647;
			files = (
			);
			runOnlyForDeploymentPostprocessing = 0;
		};
		7B341B981C5086AB0020AC67 /* Resources */ = {
			isa = PBXResourcesBuildPhase;
			buildActionMask = 2147483647;
			files = (
			);
			runOnlyForDeploymentPostprocessing = 0;
		};
/* End PBXResourcesBuildPhase section */

/* Begin PBXSourcesBuildPhase section */
		7B341B741C5086AA0020AC67 /* Sources */ = {
			isa = PBXSourcesBuildPhase;
			buildActionMask = 2147483647;
			files = (
				7B341BD41C50A22F0020AC67 /* LoginViewController.swift in Sources */,
				7BBC8A6D1C6FB9CC00EC8BDB /* GarageSaleMapMarker.swift in Sources */,
				7B55AC551C6E456100509E85 /* YokoTextField.swift in Sources */,
				7B74E9B71C52876B00E91BFA /* Constants.swift in Sources */,
				7B74EA011C53E7AF00E91BFA /* UserProfile.swift in Sources */,
				7B55AC581C6E469A00509E85 /* CustomButton.swift in Sources */,
				7B55AC4D1C6E456100509E85 /* HoshiTextField.swift in Sources */,
				7B341BD61C517B330020AC67 /* EZLoadingActivity.swift in Sources */,
				7B74E9FD1C534F7200E91BFA /* Protocols.swift in Sources */,
				7B55AC511C6E456100509E85 /* KaedeTextField.swift in Sources */,
				7B341BCE1C508BFF0020AC67 /* GarageSaleQueryTableViewController.swift in Sources */,
				7B74E9B51C51F95800E91BFA /* GarageSaleMarker.swift in Sources */,
				7B74E9B31C51D6B000E91BFA /* GarageSaleDetailViewController.swift in Sources */,
				7B55AC521C6E456100509E85 /* MadokaTextField.swift in Sources */,
				7B341B7E1C5086AA0020AC67 /* ViewController.swift in Sources */,
				7B55AC4C1C6E456100509E85 /* AkiraTextField.swift in Sources */,
				7B55AC501C6E456100509E85 /* JiroTextField.swift in Sources */,
				7B341B841C5086AA0020AC67 /* GarageSale.xcdatamodeld in Sources */,
				7B55AC561C6E456100509E85 /* YoshikoTextField.swift in Sources */,
				7B74E9FF1C535C7500E91BFA /* SignupViewController.swift in Sources */,
				7B55AC541C6E456100509E85 /* TextFieldsEffects.swift in Sources */,
				7B55AC4F1C6E456100509E85 /* IsaoTextField.swift in Sources */,
				7B341BD21C5096420020AC67 /* AddGarageSaleViewController.swift in Sources */,
				7B341BD81C5185040020AC67 /* ProfileViewController.swift in Sources */,
				7B341B7C1C5086AA0020AC67 /* AppDelegate.swift in Sources */,
				7B55AC531C6E456100509E85 /* MinoruTextField.swift in Sources */,
				7BBC8A631C6FA8C300EC8BDB /* CustomImageView.swift in Sources */,
			);
			runOnlyForDeploymentPostprocessing = 0;
		};
		7B341B8B1C5086AB0020AC67 /* Sources */ = {
			isa = PBXSourcesBuildPhase;
			buildActionMask = 2147483647;
			files = (
				7B341B941C5086AB0020AC67 /* GarageSaleTests.swift in Sources */,
			);
			runOnlyForDeploymentPostprocessing = 0;
		};
		7B341B961C5086AB0020AC67 /* Sources */ = {
			isa = PBXSourcesBuildPhase;
			buildActionMask = 2147483647;
			files = (
				7B341B9F1C5086AB0020AC67 /* GarageSaleUITests.swift in Sources */,
			);
			runOnlyForDeploymentPostprocessing = 0;
		};
/* End PBXSourcesBuildPhase section */

/* Begin PBXTargetDependency section */
		7B341B911C5086AB0020AC67 /* PBXTargetDependency */ = {
			isa = PBXTargetDependency;
			target = 7B341B771C5086AA0020AC67 /* GarageSale */;
			targetProxy = 7B341B901C5086AB0020AC67 /* PBXContainerItemProxy */;
		};
		7B341B9C1C5086AB0020AC67 /* PBXTargetDependency */ = {
			isa = PBXTargetDependency;
			target = 7B341B771C5086AA0020AC67 /* GarageSale */;
			targetProxy = 7B341B9B1C5086AB0020AC67 /* PBXContainerItemProxy */;
		};
/* End PBXTargetDependency section */

/* Begin PBXVariantGroup section */
		7B341B7F1C5086AA0020AC67 /* Main.storyboard */ = {
			isa = PBXVariantGroup;
			children = (
				7B341B801C5086AA0020AC67 /* Base */,
			);
			name = Main.storyboard;
			sourceTree = "<group>";
		};
		7B341B871C5086AA0020AC67 /* LaunchScreen.storyboard */ = {
			isa = PBXVariantGroup;
			children = (
				7B341B881C5086AA0020AC67 /* Base */,
			);
			name = LaunchScreen.storyboard;
			sourceTree = "<group>";
		};
/* End PBXVariantGroup section */

/* Begin XCBuildConfiguration section */
		7B341BA11C5086AB0020AC67 /* Debug */ = {
			isa = XCBuildConfiguration;
			buildSettings = {
				ALWAYS_SEARCH_USER_PATHS = NO;
				CLANG_CXX_LANGUAGE_STANDARD = "gnu++0x";
				CLANG_CXX_LIBRARY = "libc++";
				CLANG_ENABLE_MODULES = YES;
				CLANG_ENABLE_OBJC_ARC = YES;
				CLANG_WARN_BOOL_CONVERSION = YES;
				CLANG_WARN_CONSTANT_CONVERSION = YES;
				CLANG_WARN_DIRECT_OBJC_ISA_USAGE = YES_ERROR;
				CLANG_WARN_EMPTY_BODY = YES;
				CLANG_WARN_ENUM_CONVERSION = YES;
				CLANG_WARN_INT_CONVERSION = YES;
				CLANG_WARN_OBJC_ROOT_CLASS = YES_ERROR;
				CLANG_WARN_UNREACHABLE_CODE = YES;
				CLANG_WARN__DUPLICATE_METHOD_MATCH = YES;
				"CODE_SIGN_IDENTITY[sdk=iphoneos*]" = "iPhone Developer";
				COPY_PHASE_STRIP = NO;
				DEBUG_INFORMATION_FORMAT = dwarf;
				ENABLE_STRICT_OBJC_MSGSEND = YES;
				ENABLE_TESTABILITY = YES;
				GCC_C_LANGUAGE_STANDARD = gnu99;
				GCC_DYNAMIC_NO_PIC = NO;
				GCC_NO_COMMON_BLOCKS = YES;
				GCC_OPTIMIZATION_LEVEL = 0;
				GCC_PREPROCESSOR_DEFINITIONS = (
					"DEBUG=1",
					"$(inherited)",
				);
				GCC_WARN_64_TO_32_BIT_CONVERSION = YES;
				GCC_WARN_ABOUT_RETURN_TYPE = YES_ERROR;
				GCC_WARN_UNDECLARED_SELECTOR = YES;
				GCC_WARN_UNINITIALIZED_AUTOS = YES_AGGRESSIVE;
				GCC_WARN_UNUSED_FUNCTION = YES;
				GCC_WARN_UNUSED_VARIABLE = YES;
				IPHONEOS_DEPLOYMENT_TARGET = 9.2;
				MTL_ENABLE_DEBUG_INFO = YES;
				ONLY_ACTIVE_ARCH = YES;
				SDKROOT = iphoneos;
				SWIFT_OPTIMIZATION_LEVEL = "-Onone";
			};
			name = Debug;
		};
		7B341BA21C5086AB0020AC67 /* Release */ = {
			isa = XCBuildConfiguration;
			buildSettings = {
				ALWAYS_SEARCH_USER_PATHS = NO;
				CLANG_CXX_LANGUAGE_STANDARD = "gnu++0x";
				CLANG_CXX_LIBRARY = "libc++";
				CLANG_ENABLE_MODULES = YES;
				CLANG_ENABLE_OBJC_ARC = YES;
				CLANG_WARN_BOOL_CONVERSION = YES;
				CLANG_WARN_CONSTANT_CONVERSION = YES;
				CLANG_WARN_DIRECT_OBJC_ISA_USAGE = YES_ERROR;
				CLANG_WARN_EMPTY_BODY = YES;
				CLANG_WARN_ENUM_CONVERSION = YES;
				CLANG_WARN_INT_CONVERSION = YES;
				CLANG_WARN_OBJC_ROOT_CLASS = YES_ERROR;
				CLANG_WARN_UNREACHABLE_CODE = YES;
				CLANG_WARN__DUPLICATE_METHOD_MATCH = YES;
				"CODE_SIGN_IDENTITY[sdk=iphoneos*]" = "iPhone Developer";
				COPY_PHASE_STRIP = NO;
				DEBUG_INFORMATION_FORMAT = "dwarf-with-dsym";
				ENABLE_NS_ASSERTIONS = NO;
				ENABLE_STRICT_OBJC_MSGSEND = YES;
				GCC_C_LANGUAGE_STANDARD = gnu99;
				GCC_NO_COMMON_BLOCKS = YES;
				GCC_WARN_64_TO_32_BIT_CONVERSION = YES;
				GCC_WARN_ABOUT_RETURN_TYPE = YES_ERROR;
				GCC_WARN_UNDECLARED_SELECTOR = YES;
				GCC_WARN_UNINITIALIZED_AUTOS = YES_AGGRESSIVE;
				GCC_WARN_UNUSED_FUNCTION = YES;
				GCC_WARN_UNUSED_VARIABLE = YES;
				IPHONEOS_DEPLOYMENT_TARGET = 9.2;
				MTL_ENABLE_DEBUG_INFO = NO;
				SDKROOT = iphoneos;
				VALIDATE_PRODUCT = YES;
			};
			name = Release;
		};
		7B341BA41C5086AB0020AC67 /* Debug */ = {
			isa = XCBuildConfiguration;
			buildSettings = {
				ASSETCATALOG_COMPILER_APPICON_NAME = AppIcon;
				CODE_SIGN_IDENTITY = "iPhone Developer";
				"CODE_SIGN_IDENTITY[sdk=iphoneos*]" = "iPhone Developer";
				FRAMEWORK_SEARCH_PATHS = (
					"$(inherited)",
					"$(PROJECT_DIR)",
				);
				INFOPLIST_FILE = GarageSale/Info.plist;
				IPHONEOS_DEPLOYMENT_TARGET = 9.2;
				LD_RUNPATH_SEARCH_PATHS = "$(inherited) @executable_path/Frameworks";
				PRODUCT_BUNDLE_IDENTIFIER = com.webdevils.GarageSale;
				PRODUCT_NAME = "$(TARGET_NAME)";
				PROVISIONING_PROFILE = "";
			};
			name = Debug;
		};
		7B341BA51C5086AB0020AC67 /* Release */ = {
			isa = XCBuildConfiguration;
			buildSettings = {
				ASSETCATALOG_COMPILER_APPICON_NAME = AppIcon;
				CODE_SIGN_IDENTITY = "iPhone Developer";
				"CODE_SIGN_IDENTITY[sdk=iphoneos*]" = "iPhone Developer";
				FRAMEWORK_SEARCH_PATHS = (
					"$(inherited)",
					"$(PROJECT_DIR)",
				);
				INFOPLIST_FILE = GarageSale/Info.plist;
				IPHONEOS_DEPLOYMENT_TARGET = 9.2;
				LD_RUNPATH_SEARCH_PATHS = "$(inherited) @executable_path/Frameworks";
				PRODUCT_BUNDLE_IDENTIFIER = com.webdevils.GarageSale;
				PRODUCT_NAME = "$(TARGET_NAME)";
				PROVISIONING_PROFILE = "";
			};
			name = Release;
		};
		7B341BA71C5086AB0020AC67 /* Debug */ = {
			isa = XCBuildConfiguration;
			buildSettings = {
				BUNDLE_LOADER = "$(TEST_HOST)";
				INFOPLIST_FILE = GarageSaleTests/Info.plist;
				LD_RUNPATH_SEARCH_PATHS = "$(inherited) @executable_path/Frameworks @loader_path/Frameworks";
				PRODUCT_BUNDLE_IDENTIFIER = com.webdevils.GarageSaleTests;
				PRODUCT_NAME = "$(TARGET_NAME)";
				TEST_HOST = "$(BUILT_PRODUCTS_DIR)/GarageSale.app/GarageSale";
			};
			name = Debug;
		};
		7B341BA81C5086AB0020AC67 /* Release */ = {
			isa = XCBuildConfiguration;
			buildSettings = {
				BUNDLE_LOADER = "$(TEST_HOST)";
				INFOPLIST_FILE = GarageSaleTests/Info.plist;
				LD_RUNPATH_SEARCH_PATHS = "$(inherited) @executable_path/Frameworks @loader_path/Frameworks";
				PRODUCT_BUNDLE_IDENTIFIER = com.webdevils.GarageSaleTests;
				PRODUCT_NAME = "$(TARGET_NAME)";
				TEST_HOST = "$(BUILT_PRODUCTS_DIR)/GarageSale.app/GarageSale";
			};
			name = Release;
		};
		7B341BAA1C5086AB0020AC67 /* Debug */ = {
			isa = XCBuildConfiguration;
			buildSettings = {
				INFOPLIST_FILE = GarageSaleUITests/Info.plist;
				LD_RUNPATH_SEARCH_PATHS = "$(inherited) @executable_path/Frameworks @loader_path/Frameworks";
				PRODUCT_BUNDLE_IDENTIFIER = com.webdevils.GarageSaleUITests;
				PRODUCT_NAME = "$(TARGET_NAME)";
				TEST_TARGET_NAME = GarageSale;
				USES_XCTRUNNER = YES;
			};
			name = Debug;
		};
		7B341BAB1C5086AB0020AC67 /* Release */ = {
			isa = XCBuildConfiguration;
			buildSettings = {
				INFOPLIST_FILE = GarageSaleUITests/Info.plist;
				LD_RUNPATH_SEARCH_PATHS = "$(inherited) @executable_path/Frameworks @loader_path/Frameworks";
				PRODUCT_BUNDLE_IDENTIFIER = com.webdevils.GarageSaleUITests;
				PRODUCT_NAME = "$(TARGET_NAME)";
				TEST_TARGET_NAME = GarageSale;
				USES_XCTRUNNER = YES;
			};
			name = Release;
		};
/* End XCBuildConfiguration section */

/* Begin XCConfigurationList section */
		7B341B731C5086AA0020AC67 /* Build configuration list for PBXProject "GarageSale" */ = {
			isa = XCConfigurationList;
			buildConfigurations = (
				7B341BA11C5086AB0020AC67 /* Debug */,
				7B341BA21C5086AB0020AC67 /* Release */,
			);
			defaultConfigurationIsVisible = 0;
			defaultConfigurationName = Release;
		};
		7B341BA31C5086AB0020AC67 /* Build configuration list for PBXNativeTarget "GarageSale" */ = {
			isa = XCConfigurationList;
			buildConfigurations = (
				7B341BA41C5086AB0020AC67 /* Debug */,
				7B341BA51C5086AB0020AC67 /* Release */,
			);
			defaultConfigurationIsVisible = 0;
			defaultConfigurationName = Release;
		};
		7B341BA61C5086AB0020AC67 /* Build configuration list for PBXNativeTarget "GarageSaleTests" */ = {
			isa = XCConfigurationList;
			buildConfigurations = (
				7B341BA71C5086AB0020AC67 /* Debug */,
				7B341BA81C5086AB0020AC67 /* Release */,
			);
			defaultConfigurationIsVisible = 0;
			defaultConfigurationName = Release;
		};
		7B341BA91C5086AB0020AC67 /* Build configuration list for PBXNativeTarget "GarageSaleUITests" */ = {
			isa = XCConfigurationList;
			buildConfigurations = (
				7B341BAA1C5086AB0020AC67 /* Debug */,
				7B341BAB1C5086AB0020AC67 /* Release */,
			);
			defaultConfigurationIsVisible = 0;
			defaultConfigurationName = Release;
		};
/* End XCConfigurationList section */

/* Begin XCVersionGroup section */
		7B341B821C5086AA0020AC67 /* GarageSale.xcdatamodeld */ = {
			isa = XCVersionGroup;
			children = (
				7B341B831C5086AA0020AC67 /* GarageSale.xcdatamodel */,
			);
			currentVersion = 7B341B831C5086AA0020AC67 /* GarageSale.xcdatamodel */;
			path = GarageSale.xcdatamodeld;
			sourceTree = "<group>";
			versionGroupType = wrapper.xcdatamodel;
		};
/* End XCVersionGroup section */
	};
	rootObject = 7B341B701C5086AA0020AC67 /* Project object */;
}
